
Microsoft Visual Studio Solution File, Format Version 12.00
# Visual Studio Version 17
VisualStudioVersion = 17.4.33205.214
MinimumVisualStudioVersion = 10.0.40219.1
Project("{FAE04EC0-301F-11D3-BF4B-00C04F79EFBC}") = "Inheritance", "Inheritance.csproj", "{59266C1F-38C4-4DFE-BD9F-8B4B0890706E}"
EndProject
Project("{2150E333-8FDC-42A3-9474-1A3956D46DE8}") = "Solution Items", "Solution Items", "{0312DEB3-D8B1-48DD-A1E5-C1124349BD0A}"
	ProjectSection(SolutionItems) = preProject
		.editorconfig = .editorconfig
	EndProjectSection
EndProject
Global
	GlobalSection(SolutionConfigurationPlatforms) = preSolution
		Debug|Any CPU = Debug|Any CPU
		Release|Any CPU = Release|Any CPU
	EndGlobalSection
	GlobalSection(ProjectConfigurationPlatforms) = postSolution
		{59266C1F-38C4-4DFE-BD9F-8B4B0890706E}.Debug|Any CPU.ActiveCfg = Debug|Any CPU
		{59266C1F-38C4-4DFE-BD9F-8B4B0890706E}.Debug|Any CPU.Build.0 = Debug|Any CPU
		{59266C1F-38C4-4DFE-BD9F-8B4B0890706E}.Release|Any CPU.ActiveCfg = Release|Any CPU
		{59266C1F-38C4-4DFE-BD9F-8B4B0890706E}.Release|Any CPU.Build.0 = Release|Any CPU
	EndGlobalSection
	GlobalSection(SolutionProperties) = preSolution
		HideSolutionNode = FALSE
	EndGlobalSection
	GlobalSection(ExtensibilityGlobals) = postSolution
		SolutionGuid = {9639074B-6D69-4C99-8E22-50649089F178}
	EndGlobalSection
EndGlobal
