
Microsoft Visual Studio Solution File, Format Version 12.00
# Visual Studio Version 17
VisualStudioVersion = 17.5.33502.453
MinimumVisualStudioVersion = 10.0.40219.1
Project("{9A19103F-16F7-4668-BE54-9A1E7A4F7556}") = "AbstractFactory", "AbstractFactory.csproj", "{035BDEC6-B7FB-4605-B658-84FB89685DCB}"
EndProject
Project("{FAE04EC0-301F-11D3-BF4B-00C04F79EFBC}") = "Example", "..\Example\Example.csproj", "{B1C0E8A7-275E-4336-9645-CF0AAA7BDB9B}"
EndProject
Global
	GlobalSection(SolutionConfigurationPlatforms) = preSolution
		Debug|Any CPU = Debug|Any CPU
		Release|Any CPU = Release|Any CPU
	EndGlobalSection
	GlobalSection(ProjectConfigurationPlatforms) = postSolution
		{035BDEC6-B7FB-4605-B658-84FB89685DCB}.Debug|Any CPU.ActiveCfg = Debug|Any CPU
		{035BDEC6-B7FB-4605-B658-84FB89685DCB}.Debug|Any CPU.Build.0 = Debug|Any CPU
		{035BDEC6-B7FB-4605-B658-84FB89685DCB}.Release|Any CPU.ActiveCfg = Release|Any CPU
		{035BDEC6-B7FB-4605-B658-84FB89685DCB}.Release|Any CPU.Build.0 = Release|Any CPU
		{B1C0E8A7-275E-4336-9645-CF0AAA7BDB9B}.Debug|Any CPU.ActiveCfg = Debug|Any CPU
		{B1C0E8A7-275E-4336-9645-CF0AAA7BDB9B}.Debug|Any CPU.Build.0 = Debug|Any CPU
		{B1C0E8A7-275E-4336-9645-CF0AAA7BDB9B}.Release|Any CPU.ActiveCfg = Release|Any CPU
		{B1C0E8A7-275E-4336-9645-CF0AAA7BDB9B}.Release|Any CPU.Build.0 = Release|Any CPU
	EndGlobalSection
	GlobalSection(SolutionProperties) = preSolution
		HideSolutionNode = FALSE
	EndGlobalSection
	GlobalSection(ExtensibilityGlobals) = postSolution
		SolutionGuid = {6DC59CB5-09A4-4AA9-B047-5C15EE63ACF7}
	EndGlobalSection
EndGlobal
